
Microsoft Visual Studio Solution File, Format Version 12.00
# Visual Studio 15
VisualStudioVersion = 15.0.28307.572
MinimumVisualStudioVersion = 10.0.40219.1
Project("{FAE04EC0-301F-11D3-BF4B-00C04F79EFBC}") = "Reversi", "Reversi\Reversi.csproj", "{43F403A1-A29E-4F12-8FAC-77F249F5EC93}"
EndProject
Project("{FAE04EC0-301F-11D3-BF4B-00C04F79EFBC}") = "ReversiEngine_UnitTests", "ReversiEngine_UnitTests\ReversiEngine_UnitTests.csproj", "{394DC3DC-1273-4596-AC9F-C2F05D427DCC}"
EndProject
Project("{FAE04EC0-301F-11D3-BF4B-00C04F79EFBC}") = "ReversiEngine", "ReversiEngine\ReversiEngine.csproj", "{B0544F88-41A8-4B9D-B99B-46524C018F7A}"
EndProject
Project("{FAE04EC0-301F-11D3-BF4B-00C04F79EFBC}") = "BoardGames", "BoardGames\BoardGames.csproj", "{3EC4C41A-95B9-46F1-955A-8205E26EB0A4}"
EndProject
Global
	GlobalSection(SolutionConfigurationPlatforms) = preSolution
		Debug|Any CPU = Debug|Any CPU
		Release|Any CPU = Release|Any CPU
	EndGlobalSection
	GlobalSection(ProjectConfigurationPlatforms) = postSolution
		{43F403A1-A29E-4F12-8FAC-77F249F5EC93}.Debug|Any CPU.ActiveCfg = Debug|Any CPU
		{43F403A1-A29E-4F12-8FAC-77F249F5EC93}.Debug|Any CPU.Build.0 = Debug|Any CPU
		{43F403A1-A29E-4F12-8FAC-77F249F5EC93}.Release|Any CPU.ActiveCfg = Release|Any CPU
		{43F403A1-A29E-4F12-8FAC-77F249F5EC93}.Release|Any CPU.Build.0 = Release|Any CPU
		{394DC3DC-1273-4596-AC9F-C2F05D427DCC}.Debug|Any CPU.ActiveCfg = Debug|Any CPU
		{394DC3DC-1273-4596-AC9F-C2F05D427DCC}.Debug|Any CPU.Build.0 = Debug|Any CPU
		{394DC3DC-1273-4596-AC9F-C2F05D427DCC}.Release|Any CPU.ActiveCfg = Release|Any CPU
		{394DC3DC-1273-4596-AC9F-C2F05D427DCC}.Release|Any CPU.Build.0 = Release|Any CPU
		{B0544F88-41A8-4B9D-B99B-46524C018F7A}.Debug|Any CPU.ActiveCfg = Debug|Any CPU
		{B0544F88-41A8-4B9D-B99B-46524C018F7A}.Debug|Any CPU.Build.0 = Debug|Any CPU
		{B0544F88-41A8-4B9D-B99B-46524C018F7A}.Release|Any CPU.ActiveCfg = Release|Any CPU
		{B0544F88-41A8-4B9D-B99B-46524C018F7A}.Release|Any CPU.Build.0 = Release|Any CPU
		{3EC4C41A-95B9-46F1-955A-8205E26EB0A4}.Debug|Any CPU.ActiveCfg = Debug|Any CPU
		{3EC4C41A-95B9-46F1-955A-8205E26EB0A4}.Debug|Any CPU.Build.0 = Debug|Any CPU
		{3EC4C41A-95B9-46F1-955A-8205E26EB0A4}.Release|Any CPU.ActiveCfg = Release|Any CPU
		{3EC4C41A-95B9-46F1-955A-8205E26EB0A4}.Release|Any CPU.Build.0 = Release|Any CPU
	EndGlobalSection
	GlobalSection(SolutionProperties) = preSolution
		HideSolutionNode = FALSE
	EndGlobalSection
	GlobalSection(ExtensibilityGlobals) = postSolution
		SolutionGuid = {5D2F9871-8CAF-4420-9E6D-BC6F310E0B4F}
	EndGlobalSection
EndGlobal
